// !$*UTF8*$!
{
	archiveVersion = 1;
	classes = {
	};
	objectVersion = 46;
	objects = {

/* Begin PBXBuildFile section */
		0E24D8A71D687F3400212303 /* main.m in Sources */ = {isa = PBXBuildFile; fileRef = 0E24D8A61D687F3400212303 /* main.m */; };
		0E24D8AA1D687F3400212303 /* AppDelegate.m in Sources */ = {isa = PBXBuildFile; fileRef = 0E24D8A91D687F3400212303 /* AppDelegate.m */; };
		0E24D8B01D687F3400212303 /* Main.storyboard in Resources */ = {isa = PBXBuildFile; fileRef = 0E24D8AE1D687F3400212303 /* Main.storyboard */; };
		0E24D8B21D687F3400212303 /* Assets.xcassets in Resources */ = {isa = PBXBuildFile; fileRef = 0E24D8B11D687F3400212303 /* Assets.xcassets */; };
		0E24D8B51D687F3400212303 /* LaunchScreen.storyboard in Resources */ = {isa = PBXBuildFile; fileRef = 0E24D8B31D687F3400212303 /* LaunchScreen.storyboard */; };
		0E24D8BF1D68878300212303 /* Brand.m in Sources */ = {isa = PBXBuildFile; fileRef = 0E24D8BE1D68878300212303 /* Brand.m */; };
		0E24D8C21D6888A600212303 /* ProductCategory.m in Sources */ = {isa = PBXBuildFile; fileRef = 0E24D8C11D6888A600212303 /* ProductCategory.m */; };
		0E24D8C51D6888DA00212303 /* Product.m in Sources */ = {isa = PBXBuildFile; fileRef = 0E24D8C41D6888DA00212303 /* Product.m */; };
		0E24D8C81D688AB700212303 /* User.m in Sources */ = {isa = PBXBuildFile; fileRef = 0E24D8C71D688AB700212303 /* User.m */; };
		0E24D8CB1D688F4D00212303 /* History.m in Sources */ = {isa = PBXBuildFile; fileRef = 0E24D8CA1D688F4D00212303 /* History.m */; };
		0E24D8CE1D68C5DD00212303 /* Image.m in Sources */ = {isa = PBXBuildFile; fileRef = 0E24D8CD1D68C5DD00212303 /* Image.m */; };
		849700D31D68E1B7000E82B4 /* ImageCell.m in Sources */ = {isa = PBXBuildFile; fileRef = 849700D21D68E1B7000E82B4 /* ImageCell.m */; };
		849700D61D68E784000E82B4 /* PATextField.m in Sources */ = {isa = PBXBuildFile; fileRef = 849700D51D68E784000E82B4 /* PATextField.m */; };
		849700D91D68E889000E82B4 /* FilterViewController.m in Sources */ = {isa = PBXBuildFile; fileRef = 849700D81D68E889000E82B4 /* FilterViewController.m */; };
		849700DC1D68E8A8000E82B4 /* Filter.m in Sources */ = {isa = PBXBuildFile; fileRef = 849700DB1D68E8A8000E82B4 /* Filter.m */; };
		849700DF1D68F48E000E82B4 /* PurchaseViewController.m in Sources */ = {isa = PBXBuildFile; fileRef = 849700DE1D68F48E000E82B4 /* PurchaseViewController.m */; };
		84CEBCB11D688A97008D75A7 /* LoginViewController.m in Sources */ = {isa = PBXBuildFile; fileRef = 84CEBCB01D688A97008D75A7 /* LoginViewController.m */; };
		84CEBCBC1D688E3D008D75A7 /* OpenSans-Bold.ttf in Resources */ = {isa = PBXBuildFile; fileRef = 84CEBCB21D688E3D008D75A7 /* OpenSans-Bold.ttf */; };
		84CEBCBD1D688E3D008D75A7 /* OpenSans-BoldItalic.ttf in Resources */ = {isa = PBXBuildFile; fileRef = 84CEBCB31D688E3D008D75A7 /* OpenSans-BoldItalic.ttf */; };
		84CEBCBE1D688E3D008D75A7 /* OpenSans-ExtraBold.ttf in Resources */ = {isa = PBXBuildFile; fileRef = 84CEBCB41D688E3D008D75A7 /* OpenSans-ExtraBold.ttf */; };
		84CEBCBF1D688E3D008D75A7 /* OpenSans-ExtraBoldItalic.ttf in Resources */ = {isa = PBXBuildFile; fileRef = 84CEBCB51D688E3D008D75A7 /* OpenSans-ExtraBoldItalic.ttf */; };
		84CEBCC01D688E3D008D75A7 /* OpenSans-Italic.ttf in Resources */ = {isa = PBXBuildFile; fileRef = 84CEBCB61D688E3D008D75A7 /* OpenSans-Italic.ttf */; };
		84CEBCC11D688E3D008D75A7 /* OpenSans-Light.ttf in Resources */ = {isa = PBXBuildFile; fileRef = 84CEBCB71D688E3D008D75A7 /* OpenSans-Light.ttf */; };
		84CEBCC21D688E3D008D75A7 /* OpenSans-LightItalic.ttf in Resources */ = {isa = PBXBuildFile; fileRef = 84CEBCB81D688E3D008D75A7 /* OpenSans-LightItalic.ttf */; };
		84CEBCC31D688E3D008D75A7 /* OpenSans-Regular.ttf in Resources */ = {isa = PBXBuildFile; fileRef = 84CEBCB91D688E3D008D75A7 /* OpenSans-Regular.ttf */; };
		84CEBCC41D688E3D008D75A7 /* OpenSans-Semibold.ttf in Resources */ = {isa = PBXBuildFile; fileRef = 84CEBCBA1D688E3D008D75A7 /* OpenSans-Semibold.ttf */; };
		84CEBCC51D688E3D008D75A7 /* OpenSans-SemiboldItalic.ttf in Resources */ = {isa = PBXBuildFile; fileRef = 84CEBCBB1D688E3D008D75A7 /* OpenSans-SemiboldItalic.ttf */; };
		84CEBCCA1D6893E0008D75A7 /* ProductCell.m in Sources */ = {isa = PBXBuildFile; fileRef = 84CEBCC91D6893E0008D75A7 /* ProductCell.m */; };
		84CEBCCD1D689856008D75A7 /* ProductsViewController.m in Sources */ = {isa = PBXBuildFile; fileRef = 84CEBCCC1D689856008D75A7 /* ProductsViewController.m */; };
		84CEBCD11D68A1A7008D75A7 /* PAImageView.m in Sources */ = {isa = PBXBuildFile; fileRef = 84CEBCD01D68A1A7008D75A7 /* PAImageView.m */; };
		84CEBCD41D68A476008D75A7 /* ProductViewController.m in Sources */ = {isa = PBXBuildFile; fileRef = 84CEBCD31D68A476008D75A7 /* ProductViewController.m */; };
		84CEBCD71D68C2DE008D75A7 /* Helper.m in Sources */ = {isa = PBXBuildFile; fileRef = 84CEBCD61D68C2DE008D75A7 /* Helper.m */; };
		9D822E71629C7AE8816485A4 /* libPods.a in Frameworks */ = {isa = PBXBuildFile; fileRef = A4A951DEC5C963821124A144 /* libPods.a */; };
/* End PBXBuildFile section */

/* Begin PBXFileReference section */
		0E24D8A21D687F3400212303 /* Troca Legal.app */ = {isa = PBXFileReference; explicitFileType = wrapper.application; includeInIndex = 0; path = "Troca Legal.app"; sourceTree = BUILT_PRODUCTS_DIR; };
		0E24D8A61D687F3400212303 /* main.m */ = {isa = PBXFileReference; lastKnownFileType = sourcecode.c.objc; path = main.m; sourceTree = "<group>"; };
		0E24D8A81D687F3400212303 /* AppDelegate.h */ = {isa = PBXFileReference; lastKnownFileType = sourcecode.c.h; path = AppDelegate.h; sourceTree = "<group>"; };
		0E24D8A91D687F3400212303 /* AppDelegate.m */ = {isa = PBXFileReference; lastKnownFileType = sourcecode.c.objc; path = AppDelegate.m; sourceTree = "<group>"; };
		0E24D8AF1D687F3400212303 /* Base */ = {isa = PBXFileReference; lastKnownFileType = file.storyboard; name = Base; path = Base.lproj/Main.storyboard; sourceTree = "<group>"; };
		0E24D8B11D687F3400212303 /* Assets.xcassets */ = {isa = PBXFileReference; lastKnownFileType = folder.assetcatalog; path = Assets.xcassets; sourceTree = "<group>"; };
		0E24D8B41D687F3400212303 /* Base */ = {isa = PBXFileReference; lastKnownFileType = file.storyboard; name = Base; path = Base.lproj/LaunchScreen.storyboard; sourceTree = "<group>"; };
		0E24D8B61D687F3400212303 /* Info.plist */ = {isa = PBXFileReference; lastKnownFileType = text.plist.xml; path = Info.plist; sourceTree = "<group>"; };
		0E24D8BD1D68878300212303 /* Brand.h */ = {isa = PBXFileReference; fileEncoding = 4; lastKnownFileType = sourcecode.c.h; path = Brand.h; sourceTree = "<group>"; };
		0E24D8BE1D68878300212303 /* Brand.m */ = {isa = PBXFileReference; fileEncoding = 4; lastKnownFileType = sourcecode.c.objc; path = Brand.m; sourceTree = "<group>"; };
		0E24D8C01D6888A600212303 /* ProductCategory.h */ = {isa = PBXFileReference; fileEncoding = 4; lastKnownFileType = sourcecode.c.h; path = ProductCategory.h; sourceTree = "<group>"; };
		0E24D8C11D6888A600212303 /* ProductCategory.m */ = {isa = PBXFileReference; fileEncoding = 4; lastKnownFileType = sourcecode.c.objc; path = ProductCategory.m; sourceTree = "<group>"; };
		0E24D8C31D6888DA00212303 /* Product.h */ = {isa = PBXFileReference; fileEncoding = 4; lastKnownFileType = sourcecode.c.h; path = Product.h; sourceTree = "<group>"; };
		0E24D8C41D6888DA00212303 /* Product.m */ = {isa = PBXFileReference; fileEncoding = 4; lastKnownFileType = sourcecode.c.objc; path = Product.m; sourceTree = "<group>"; };
		0E24D8C61D688AB700212303 /* User.h */ = {isa = PBXFileReference; fileEncoding = 4; lastKnownFileType = sourcecode.c.h; path = User.h; sourceTree = "<group>"; };
		0E24D8C71D688AB700212303 /* User.m */ = {isa = PBXFileReference; fileEncoding = 4; lastKnownFileType = sourcecode.c.objc; path = User.m; sourceTree = "<group>"; };
		0E24D8C91D688F4D00212303 /* History.h */ = {isa = PBXFileReference; fileEncoding = 4; lastKnownFileType = sourcecode.c.h; path = History.h; sourceTree = "<group>"; };
		0E24D8CA1D688F4D00212303 /* History.m */ = {isa = PBXFileReference; fileEncoding = 4; lastKnownFileType = sourcecode.c.objc; path = History.m; sourceTree = "<group>"; };
		0E24D8CC1D68C5DD00212303 /* Image.h */ = {isa = PBXFileReference; fileEncoding = 4; lastKnownFileType = sourcecode.c.h; path = Image.h; sourceTree = "<group>"; };
		0E24D8CD1D68C5DD00212303 /* Image.m */ = {isa = PBXFileReference; fileEncoding = 4; lastKnownFileType = sourcecode.c.objc; path = Image.m; sourceTree = "<group>"; };
		5BA01D0C128589EBAE2F9A43 /* Pods.release.xcconfig */ = {isa = PBXFileReference; includeInIndex = 1; lastKnownFileType = text.xcconfig; name = Pods.release.xcconfig; path = "Pods/Target Support Files/Pods/Pods.release.xcconfig"; sourceTree = "<group>"; };
		849700D11D68E1B7000E82B4 /* ImageCell.h */ = {isa = PBXFileReference; fileEncoding = 4; lastKnownFileType = sourcecode.c.h; path = ImageCell.h; sourceTree = "<group>"; };
		849700D21D68E1B7000E82B4 /* ImageCell.m */ = {isa = PBXFileReference; fileEncoding = 4; lastKnownFileType = sourcecode.c.objc; path = ImageCell.m; sourceTree = "<group>"; };
		849700D41D68E784000E82B4 /* PATextField.h */ = {isa = PBXFileReference; fileEncoding = 4; lastKnownFileType = sourcecode.c.h; path = PATextField.h; sourceTree = "<group>"; };
		849700D51D68E784000E82B4 /* PATextField.m */ = {isa = PBXFileReference; fileEncoding = 4; lastKnownFileType = sourcecode.c.objc; path = PATextField.m; sourceTree = "<group>"; };
		849700D71D68E889000E82B4 /* FilterViewController.h */ = {isa = PBXFileReference; fileEncoding = 4; lastKnownFileType = sourcecode.c.h; path = FilterViewController.h; sourceTree = "<group>"; };
		849700D81D68E889000E82B4 /* FilterViewController.m */ = {isa = PBXFileReference; fileEncoding = 4; lastKnownFileType = sourcecode.c.objc; path = FilterViewController.m; sourceTree = "<group>"; };
		849700DA1D68E8A8000E82B4 /* Filter.h */ = {isa = PBXFileReference; fileEncoding = 4; lastKnownFileType = sourcecode.c.h; path = Filter.h; sourceTree = "<group>"; };
		849700DB1D68E8A8000E82B4 /* Filter.m */ = {isa = PBXFileReference; fileEncoding = 4; lastKnownFileType = sourcecode.c.objc; path = Filter.m; sourceTree = "<group>"; };
		849700DD1D68F48E000E82B4 /* PurchaseViewController.h */ = {isa = PBXFileReference; fileEncoding = 4; lastKnownFileType = sourcecode.c.h; path = PurchaseViewController.h; sourceTree = "<group>"; };
		849700DE1D68F48E000E82B4 /* PurchaseViewController.m */ = {isa = PBXFileReference; fileEncoding = 4; lastKnownFileType = sourcecode.c.objc; path = PurchaseViewController.m; sourceTree = "<group>"; };
		84CEBCAF1D688A97008D75A7 /* LoginViewController.h */ = {isa = PBXFileReference; fileEncoding = 4; lastKnownFileType = sourcecode.c.h; path = LoginViewController.h; sourceTree = "<group>"; };
		84CEBCB01D688A97008D75A7 /* LoginViewController.m */ = {isa = PBXFileReference; fileEncoding = 4; lastKnownFileType = sourcecode.c.objc; path = LoginViewController.m; sourceTree = "<group>"; };
		84CEBCB21D688E3D008D75A7 /* OpenSans-Bold.ttf */ = {isa = PBXFileReference; lastKnownFileType = file; path = "OpenSans-Bold.ttf"; sourceTree = "<group>"; };
		84CEBCB31D688E3D008D75A7 /* OpenSans-BoldItalic.ttf */ = {isa = PBXFileReference; lastKnownFileType = file; path = "OpenSans-BoldItalic.ttf"; sourceTree = "<group>"; };
		84CEBCB41D688E3D008D75A7 /* OpenSans-ExtraBold.ttf */ = {isa = PBXFileReference; lastKnownFileType = file; path = "OpenSans-ExtraBold.ttf"; sourceTree = "<group>"; };
		84CEBCB51D688E3D008D75A7 /* OpenSans-ExtraBoldItalic.ttf */ = {isa = PBXFileReference; lastKnownFileType = file; path = "OpenSans-ExtraBoldItalic.ttf"; sourceTree = "<group>"; };
		84CEBCB61D688E3D008D75A7 /* OpenSans-Italic.ttf */ = {isa = PBXFileReference; lastKnownFileType = file; path = "OpenSans-Italic.ttf"; sourceTree = "<group>"; };
		84CEBCB71D688E3D008D75A7 /* OpenSans-Light.ttf */ = {isa = PBXFileReference; lastKnownFileType = file; path = "OpenSans-Light.ttf"; sourceTree = "<group>"; };
		84CEBCB81D688E3D008D75A7 /* OpenSans-LightItalic.ttf */ = {isa = PBXFileReference; lastKnownFileType = file; path = "OpenSans-LightItalic.ttf"; sourceTree = "<group>"; };
		84CEBCB91D688E3D008D75A7 /* OpenSans-Regular.ttf */ = {isa = PBXFileReference; lastKnownFileType = file; path = "OpenSans-Regular.ttf"; sourceTree = "<group>"; };
		84CEBCBA1D688E3D008D75A7 /* OpenSans-Semibold.ttf */ = {isa = PBXFileReference; lastKnownFileType = file; path = "OpenSans-Semibold.ttf"; sourceTree = "<group>"; };
		84CEBCBB1D688E3D008D75A7 /* OpenSans-SemiboldItalic.ttf */ = {isa = PBXFileReference; lastKnownFileType = file; path = "OpenSans-SemiboldItalic.ttf"; sourceTree = "<group>"; };
		84CEBCC81D6893E0008D75A7 /* ProductCell.h */ = {isa = PBXFileReference; fileEncoding = 4; lastKnownFileType = sourcecode.c.h; path = ProductCell.h; sourceTree = "<group>"; };
		84CEBCC91D6893E0008D75A7 /* ProductCell.m */ = {isa = PBXFileReference; fileEncoding = 4; lastKnownFileType = sourcecode.c.objc; path = ProductCell.m; sourceTree = "<group>"; };
		84CEBCCB1D689856008D75A7 /* ProductsViewController.h */ = {isa = PBXFileReference; fileEncoding = 4; lastKnownFileType = sourcecode.c.h; path = ProductsViewController.h; sourceTree = "<group>"; };
		84CEBCCC1D689856008D75A7 /* ProductsViewController.m */ = {isa = PBXFileReference; fileEncoding = 4; lastKnownFileType = sourcecode.c.objc; path = ProductsViewController.m; sourceTree = "<group>"; };
		84CEBCCF1D68A1A7008D75A7 /* PAImageView.h */ = {isa = PBXFileReference; fileEncoding = 4; lastKnownFileType = sourcecode.c.h; path = PAImageView.h; sourceTree = "<group>"; };
		84CEBCD01D68A1A7008D75A7 /* PAImageView.m */ = {isa = PBXFileReference; fileEncoding = 4; lastKnownFileType = sourcecode.c.objc; path = PAImageView.m; sourceTree = "<group>"; };
		84CEBCD21D68A476008D75A7 /* ProductViewController.h */ = {isa = PBXFileReference; fileEncoding = 4; lastKnownFileType = sourcecode.c.h; path = ProductViewController.h; sourceTree = "<group>"; };
		84CEBCD31D68A476008D75A7 /* ProductViewController.m */ = {isa = PBXFileReference; fileEncoding = 4; lastKnownFileType = sourcecode.c.objc; path = ProductViewController.m; sourceTree = "<group>"; };
		84CEBCD51D68C2DE008D75A7 /* Helper.h */ = {isa = PBXFileReference; fileEncoding = 4; lastKnownFileType = sourcecode.c.h; path = Helper.h; sourceTree = "<group>"; };
		84CEBCD61D68C2DE008D75A7 /* Helper.m */ = {isa = PBXFileReference; fileEncoding = 4; lastKnownFileType = sourcecode.c.objc; path = Helper.m; sourceTree = "<group>"; };
		A4A951DEC5C963821124A144 /* libPods.a */ = {isa = PBXFileReference; explicitFileType = archive.ar; includeInIndex = 0; path = libPods.a; sourceTree = BUILT_PRODUCTS_DIR; };
		B034C46C8DBA0ECBD399FA14 /* Pods.debug.xcconfig */ = {isa = PBXFileReference; includeInIndex = 1; lastKnownFileType = text.xcconfig; name = Pods.debug.xcconfig; path = "Pods/Target Support Files/Pods/Pods.debug.xcconfig"; sourceTree = "<group>"; };
/* End PBXFileReference section */

/* Begin PBXFrameworksBuildPhase section */
		0E24D89F1D687F3400212303 /* Frameworks */ = {
			isa = PBXFrameworksBuildPhase;
			buildActionMask = 2147483647;
			files = (
				9D822E71629C7AE8816485A4 /* libPods.a in Frameworks */,
			);
			runOnlyForDeploymentPostprocessing = 0;
		};
/* End PBXFrameworksBuildPhase section */

/* Begin PBXGroup section */
		0379738C312D213A8E850293 /* Pods */ = {
			isa = PBXGroup;
			children = (
				B034C46C8DBA0ECBD399FA14 /* Pods.debug.xcconfig */,
				5BA01D0C128589EBAE2F9A43 /* Pods.release.xcconfig */,
			);
			name = Pods;
			sourceTree = "<group>";
		};
		0E24D8991D687F3300212303 = {
			isa = PBXGroup;
			children = (
				0E24D8A41D687F3400212303 /* Troca Legal */,
				0E24D8A31D687F3400212303 /* Products */,
				0379738C312D213A8E850293 /* Pods */,
				8F800C0E2D4761B70A1BC9A8 /* Frameworks */,
			);
			sourceTree = "<group>";
		};
		0E24D8A31D687F3400212303 /* Products */ = {
			isa = PBXGroup;
			children = (
				0E24D8A21D687F3400212303 /* Troca Legal.app */,
			);
			name = Products;
			sourceTree = "<group>";
		};
		0E24D8A41D687F3400212303 /* Troca Legal */ = {
			isa = PBXGroup;
			children = (
				0E24D8BC1D68875100212303 /* Models */,
				0E24D8A81D687F3400212303 /* AppDelegate.h */,
				0E24D8A91D687F3400212303 /* AppDelegate.m */,
				84CEBCD51D68C2DE008D75A7 /* Helper.h */,
				84CEBCD61D68C2DE008D75A7 /* Helper.m */,
				0E24D8AE1D687F3400212303 /* Main.storyboard */,
				84CEBCCE1D68A177008D75A7 /* Components */,
				84CEBCC71D6893C9008D75A7 /* Cells */,
				84CEBCAF1D688A97008D75A7 /* LoginViewController.h */,
				84CEBCB01D688A97008D75A7 /* LoginViewController.m */,
				84CEBCCB1D689856008D75A7 /* ProductsViewController.h */,
				84CEBCCC1D689856008D75A7 /* ProductsViewController.m */,
				849700D71D68E889000E82B4 /* FilterViewController.h */,
				849700D81D68E889000E82B4 /* FilterViewController.m */,
				84CEBCD21D68A476008D75A7 /* ProductViewController.h */,
				84CEBCD31D68A476008D75A7 /* ProductViewController.m */,
				849700DD1D68F48E000E82B4 /* PurchaseViewController.h */,
				849700DE1D68F48E000E82B4 /* PurchaseViewController.m */,
				0E24D8B11D687F3400212303 /* Assets.xcassets */,
				0E24D8B31D687F3400212303 /* LaunchScreen.storyboard */,
				0E24D8B61D687F3400212303 /* Info.plist */,
				0E24D8A51D687F3400212303 /* Supporting Files */,
			);
			path = "Troca Legal";
			sourceTree = "<group>";
		};
		0E24D8A51D687F3400212303 /* Supporting Files */ = {
			isa = PBXGroup;
			children = (
				84CEBCC61D688E40008D75A7 /* Fonts */,
				0E24D8A61D687F3400212303 /* main.m */,
			);
			name = "Supporting Files";
			sourceTree = "<group>";
		};
		0E24D8BC1D68875100212303 /* Models */ = {
			isa = PBXGroup;
			children = (
				0E24D8BD1D68878300212303 /* Brand.h */,
				0E24D8BE1D68878300212303 /* Brand.m */,
				0E24D8C01D6888A600212303 /* ProductCategory.h */,
				0E24D8C11D6888A600212303 /* ProductCategory.m */,
				0E24D8C31D6888DA00212303 /* Product.h */,
				0E24D8C41D6888DA00212303 /* Product.m */,
				0E24D8C61D688AB700212303 /* User.h */,
				0E24D8C71D688AB700212303 /* User.m */,
				0E24D8C91D688F4D00212303 /* History.h */,
				0E24D8CA1D688F4D00212303 /* History.m */,
				0E24D8CC1D68C5DD00212303 /* Image.h */,
				0E24D8CD1D68C5DD00212303 /* Image.m */,
				849700DA1D68E8A8000E82B4 /* Filter.h */,
				849700DB1D68E8A8000E82B4 /* Filter.m */,
			);
			name = Models;
			sourceTree = "<group>";
		};
		84CEBCC61D688E40008D75A7 /* Fonts */ = {
			isa = PBXGroup;
			children = (
				84CEBCB21D688E3D008D75A7 /* OpenSans-Bold.ttf */,
				84CEBCB31D688E3D008D75A7 /* OpenSans-BoldItalic.ttf */,
				84CEBCB41D688E3D008D75A7 /* OpenSans-ExtraBold.ttf */,
				84CEBCB51D688E3D008D75A7 /* OpenSans-ExtraBoldItalic.ttf */,
				84CEBCB61D688E3D008D75A7 /* OpenSans-Italic.ttf */,
				84CEBCB71D688E3D008D75A7 /* OpenSans-Light.ttf */,
				84CEBCB81D688E3D008D75A7 /* OpenSans-LightItalic.ttf */,
				84CEBCB91D688E3D008D75A7 /* OpenSans-Regular.ttf */,
				84CEBCBA1D688E3D008D75A7 /* OpenSans-Semibold.ttf */,
				84CEBCBB1D688E3D008D75A7 /* OpenSans-SemiboldItalic.ttf */,
			);
			name = Fonts;
			sourceTree = "<group>";
		};
		84CEBCC71D6893C9008D75A7 /* Cells */ = {
			isa = PBXGroup;
			children = (
				84CEBCC81D6893E0008D75A7 /* ProductCell.h */,
				84CEBCC91D6893E0008D75A7 /* ProductCell.m */,
				849700D11D68E1B7000E82B4 /* ImageCell.h */,
				849700D21D68E1B7000E82B4 /* ImageCell.m */,
			);
			name = Cells;
			sourceTree = "<group>";
		};
		84CEBCCE1D68A177008D75A7 /* Components */ = {
			isa = PBXGroup;
			children = (
				84CEBCCF1D68A1A7008D75A7 /* PAImageView.h */,
				84CEBCD01D68A1A7008D75A7 /* PAImageView.m */,
				849700D41D68E784000E82B4 /* PATextField.h */,
				849700D51D68E784000E82B4 /* PATextField.m */,
			);
			name = Components;
			sourceTree = "<group>";
		};
		8F800C0E2D4761B70A1BC9A8 /* Frameworks */ = {
			isa = PBXGroup;
			children = (
				A4A951DEC5C963821124A144 /* libPods.a */,
			);
			name = Frameworks;
			sourceTree = "<group>";
		};
/* End PBXGroup section */

/* Begin PBXNativeTarget section */
		0E24D8A11D687F3400212303 /* Troca Legal */ = {
			isa = PBXNativeTarget;
			buildConfigurationList = 0E24D8B91D687F3400212303 /* Build configuration list for PBXNativeTarget "Troca Legal" */;
			buildPhases = (
				4C91356C929D149E6B7A3E0A /* Check Pods Manifest.lock */,
				0E24D89E1D687F3400212303 /* Sources */,
				0E24D89F1D687F3400212303 /* Frameworks */,
				0E24D8A01D687F3400212303 /* Resources */,
				4EF09F91627C3AE55DBD17C0 /* Embed Pods Frameworks */,
				3689C7D7CAF52632152AD3B0 /* Copy Pods Resources */,
			);
			buildRules = (
			);
			dependencies = (
			);
			name = "Troca Legal";
			productName = "Troca Legal";
			productReference = 0E24D8A21D687F3400212303 /* Troca Legal.app */;
			productType = "com.apple.product-type.application";
		};
/* End PBXNativeTarget section */

/* Begin PBXProject section */
		0E24D89A1D687F3300212303 /* Project object */ = {
			isa = PBXProject;
			attributes = {
				LastUpgradeCheck = 0730;
				ORGANIZATIONNAME = "Avenue Code Brazil";
				TargetAttributes = {
					0E24D8A11D687F3400212303 = {
						CreatedOnToolsVersion = 7.3.1;
						DevelopmentTeam = 6D995M6B5M;
					};
				};
			};
			buildConfigurationList = 0E24D89D1D687F3300212303 /* Build configuration list for PBXProject "Troca Legal" */;
			compatibilityVersion = "Xcode 3.2";
			developmentRegion = English;
			hasScannedForEncodings = 0;
			knownRegions = (
				en,
				Base,
			);
			mainGroup = 0E24D8991D687F3300212303;
			productRefGroup = 0E24D8A31D687F3400212303 /* Products */;
			projectDirPath = "";
			projectRoot = "";
			targets = (
				0E24D8A11D687F3400212303 /* Troca Legal */,
			);
		};
/* End PBXProject section */

/* Begin PBXResourcesBuildPhase section */
		0E24D8A01D687F3400212303 /* Resources */ = {
			isa = PBXResourcesBuildPhase;
			buildActionMask = 2147483647;
			files = (
				84CEBCC41D688E3D008D75A7 /* OpenSans-Semibold.ttf in Resources */,
				84CEBCC51D688E3D008D75A7 /* OpenSans-SemiboldItalic.ttf in Resources */,
				0E24D8B51D687F3400212303 /* LaunchScreen.storyboard in Resources */,
				84CEBCC31D688E3D008D75A7 /* OpenSans-Regular.ttf in Resources */,
				84CEBCC01D688E3D008D75A7 /* OpenSans-Italic.ttf in Resources */,
				84CEBCBF1D688E3D008D75A7 /* OpenSans-ExtraBoldItalic.ttf in Resources */,
				0E24D8B21D687F3400212303 /* Assets.xcassets in Resources */,
				84CEBCC21D688E3D008D75A7 /* OpenSans-LightItalic.ttf in Resources */,
				84CEBCBC1D688E3D008D75A7 /* OpenSans-Bold.ttf in Resources */,
				0E24D8B01D687F3400212303 /* Main.storyboard in Resources */,
				84CEBCC11D688E3D008D75A7 /* OpenSans-Light.ttf in Resources */,
				84CEBCBD1D688E3D008D75A7 /* OpenSans-BoldItalic.ttf in Resources */,
				84CEBCBE1D688E3D008D75A7 /* OpenSans-ExtraBold.ttf in Resources */,
			);
			runOnlyForDeploymentPostprocessing = 0;
		};
/* End PBXResourcesBuildPhase section */

/* Begin PBXShellScriptBuildPhase section */
		3689C7D7CAF52632152AD3B0 /* Copy Pods Resources */ = {
			isa = PBXShellScriptBuildPhase;
			buildActionMask = 2147483647;
			files = (
			);
			inputPaths = (
			);
			name = "Copy Pods Resources";
			outputPaths = (
			);
			runOnlyForDeploymentPostprocessing = 0;
			shellPath = /bin/sh;
			shellScript = "\"${SRCROOT}/Pods/Target Support Files/Pods/Pods-resources.sh\"\n";
			showEnvVarsInLog = 0;
		};
		4C91356C929D149E6B7A3E0A /* Check Pods Manifest.lock */ = {
			isa = PBXShellScriptBuildPhase;
			buildActionMask = 2147483647;
			files = (
			);
			inputPaths = (
			);
			name = "Check Pods Manifest.lock";
			outputPaths = (
			);
			runOnlyForDeploymentPostprocessing = 0;
			shellPath = /bin/sh;
			shellScript = "diff \"${PODS_ROOT}/../Podfile.lock\" \"${PODS_ROOT}/Manifest.lock\" > /dev/null\nif [[ $? != 0 ]] ; then\n    cat << EOM\nerror: The sandbox is not in sync with the Podfile.lock. Run 'pod install' or update your CocoaPods installation.\nEOM\n    exit 1\nfi\n";
			showEnvVarsInLog = 0;
		};
		4EF09F91627C3AE55DBD17C0 /* Embed Pods Frameworks */ = {
			isa = PBXShellScriptBuildPhase;
			buildActionMask = 2147483647;
			files = (
			);
			inputPaths = (
			);
			name = "Embed Pods Frameworks";
			outputPaths = (
			);
			runOnlyForDeploymentPostprocessing = 0;
			shellPath = /bin/sh;
			shellScript = "\"${SRCROOT}/Pods/Target Support Files/Pods/Pods-frameworks.sh\"\n";
			showEnvVarsInLog = 0;
		};
/* End PBXShellScriptBuildPhase section */

/* Begin PBXSourcesBuildPhase section */
		0E24D89E1D687F3400212303 /* Sources */ = {
			isa = PBXSourcesBuildPhase;
			buildActionMask = 2147483647;
			files = (
				84CEBCCD1D689856008D75A7 /* ProductsViewController.m in Sources */,
				849700D31D68E1B7000E82B4 /* ImageCell.m in Sources */,
				849700D61D68E784000E82B4 /* PATextField.m in Sources */,
				84CEBCD11D68A1A7008D75A7 /* PAImageView.m in Sources */,
				0E24D8C81D688AB700212303 /* User.m in Sources */,
				0E24D8BF1D68878300212303 /* Brand.m in Sources */,
				0E24D8C21D6888A600212303 /* ProductCategory.m in Sources */,
				849700DC1D68E8A8000E82B4 /* Filter.m in Sources */,
				0E24D8C51D6888DA00212303 /* Product.m in Sources */,
				0E24D8CE1D68C5DD00212303 /* Image.m in Sources */,
				849700D91D68E889000E82B4 /* FilterViewController.m in Sources */,
				84CEBCD41D68A476008D75A7 /* ProductViewController.m in Sources */,
				0E24D8AA1D687F3400212303 /* AppDelegate.m in Sources */,
				84CEBCCA1D6893E0008D75A7 /* ProductCell.m in Sources */,
				849700DF1D68F48E000E82B4 /* PurchaseViewController.m in Sources */,
				0E24D8CB1D688F4D00212303 /* History.m in Sources */,
				0E24D8A71D687F3400212303 /* main.m in Sources */,
				84CEBCB11D688A97008D75A7 /* LoginViewController.m in Sources */,
				84CEBCD71D68C2DE008D75A7 /* Helper.m in Sources */,
			);
			runOnlyForDeploymentPostprocessing = 0;
		};
/* End PBXSourcesBuildPhase section */

/* Begin PBXVariantGroup section */
		0E24D8AE1D687F3400212303 /* Main.storyboard */ = {
			isa = PBXVariantGroup;
			children = (
				0E24D8AF1D687F3400212303 /* Base */,
			);
			name = Main.storyboard;
			sourceTree = "<group>";
		};
		0E24D8B31D687F3400212303 /* LaunchScreen.storyboard */ = {
			isa = PBXVariantGroup;
			children = (
				0E24D8B41D687F3400212303 /* Base */,
			);
			name = LaunchScreen.storyboard;
			sourceTree = "<group>";
		};
/* End PBXVariantGroup section */

/* Begin XCBuildConfiguration section */
		0E24D8B71D687F3400212303 /* Debug */ = {
			isa = XCBuildConfiguration;
			buildSettings = {
				ALWAYS_SEARCH_USER_PATHS = NO;
				CLANG_ANALYZER_NONNULL = YES;
				CLANG_CXX_LANGUAGE_STANDARD = "gnu++0x";
				CLANG_CXX_LIBRARY = "libc++";
				CLANG_ENABLE_MODULES = YES;
				CLANG_ENABLE_OBJC_ARC = YES;
				CLANG_WARN_BOOL_CONVERSION = YES;
				CLANG_WARN_CONSTANT_CONVERSION = YES;
				CLANG_WARN_DIRECT_OBJC_ISA_USAGE = YES_ERROR;
				CLANG_WARN_EMPTY_BODY = YES;
				CLANG_WARN_ENUM_CONVERSION = YES;
				CLANG_WARN_INT_CONVERSION = YES;
				CLANG_WARN_OBJC_ROOT_CLASS = YES_ERROR;
				CLANG_WARN_UNREACHABLE_CODE = YES;
				CLANG_WARN__DUPLICATE_METHOD_MATCH = YES;
				"CODE_SIGN_IDENTITY[sdk=iphoneos*]" = "iPhone Developer";
				COPY_PHASE_STRIP = NO;
				DEBUG_INFORMATION_FORMAT = dwarf;
				ENABLE_STRICT_OBJC_MSGSEND = YES;
				ENABLE_TESTABILITY = YES;
				GCC_C_LANGUAGE_STANDARD = gnu99;
				GCC_DYNAMIC_NO_PIC = NO;
				GCC_NO_COMMON_BLOCKS = YES;
				GCC_OPTIMIZATION_LEVEL = 0;
				GCC_PREPROCESSOR_DEFINITIONS = (
					"DEBUG=1",
					"$(inherited)",
				);
				GCC_WARN_64_TO_32_BIT_CONVERSION = YES;
				GCC_WARN_ABOUT_RETURN_TYPE = YES_ERROR;
				GCC_WARN_UNDECLARED_SELECTOR = YES;
				GCC_WARN_UNINITIALIZED_AUTOS = YES_AGGRESSIVE;
				GCC_WARN_UNUSED_FUNCTION = YES;
				GCC_WARN_UNUSED_VARIABLE = YES;
				IPHONEOS_DEPLOYMENT_TARGET = 9.3;
				MTL_ENABLE_DEBUG_INFO = YES;
				ONLY_ACTIVE_ARCH = YES;
				SDKROOT = iphoneos;
			};
			name = Debug;
		};
		0E24D8B81D687F3400212303 /* Release */ = {
			isa = XCBuildConfiguration;
			buildSettings = {
				ALWAYS_SEARCH_USER_PATHS = NO;
				CLANG_ANALYZER_NONNULL = YES;
				CLANG_CXX_LANGUAGE_STANDARD = "gnu++0x";
				CLANG_CXX_LIBRARY = "libc++";
				CLANG_ENABLE_MODULES = YES;
				CLANG_ENABLE_OBJC_ARC = YES;
				CLANG_WARN_BOOL_CONVERSION = YES;
				CLANG_WARN_CONSTANT_CONVERSION = YES;
				CLANG_WARN_DIRECT_OBJC_ISA_USAGE = YES_ERROR;
				CLANG_WARN_EMPTY_BODY = YES;
				CLANG_WARN_ENUM_CONVERSION = YES;
				CLANG_WARN_INT_CONVERSION = YES;
				CLANG_WARN_OBJC_ROOT_CLASS = YES_ERROR;
				CLANG_WARN_UNREACHABLE_CODE = YES;
				CLANG_WARN__DUPLICATE_METHOD_MATCH = YES;
				"CODE_SIGN_IDENTITY[sdk=iphoneos*]" = "iPhone Developer";
				COPY_PHASE_STRIP = NO;
				DEBUG_INFORMATION_FORMAT = "dwarf-with-dsym";
				ENABLE_NS_ASSERTIONS = NO;
				ENABLE_STRICT_OBJC_MSGSEND = YES;
				GCC_C_LANGUAGE_STANDARD = gnu99;
				GCC_NO_COMMON_BLOCKS = YES;
				GCC_WARN_64_TO_32_BIT_CONVERSION = YES;
				GCC_WARN_ABOUT_RETURN_TYPE = YES_ERROR;
				GCC_WARN_UNDECLARED_SELECTOR = YES;
				GCC_WARN_UNINITIALIZED_AUTOS = YES_AGGRESSIVE;
				GCC_WARN_UNUSED_FUNCTION = YES;
				GCC_WARN_UNUSED_VARIABLE = YES;
				IPHONEOS_DEPLOYMENT_TARGET = 9.3;
				MTL_ENABLE_DEBUG_INFO = NO;
				SDKROOT = iphoneos;
				VALIDATE_PRODUCT = YES;
			};
			name = Release;
		};
		0E24D8BA1D687F3400212303 /* Debug */ = {
			isa = XCBuildConfiguration;
			baseConfigurationReference = B034C46C8DBA0ECBD399FA14 /* Pods.debug.xcconfig */;
			buildSettings = {
				ASSETCATALOG_COMPILER_APPICON_NAME = AppIcon;
				DEVELOPMENT_TEAM = 6D995M6B5M;
				INFOPLIST_FILE = "Troca Legal/Info.plist";
				IPHONEOS_DEPLOYMENT_TARGET = 9.2;
				LD_RUNPATH_SEARCH_PATHS = "$(inherited) @executable_path/Frameworks";
				PRODUCT_BUNDLE_IDENTIFIER = "com.hackaton.Troca-Legal";
				PRODUCT_NAME = "$(TARGET_NAME)";
			};
			name = Debug;
		};
		0E24D8BB1D687F3400212303 /* Release */ = {
			isa = XCBuildConfiguration;
			baseConfigurationReference = 5BA01D0C128589EBAE2F9A43 /* Pods.release.xcconfig */;
			buildSettings = {
				ASSETCATALOG_COMPILER_APPICON_NAME = AppIcon;
				DEVELOPMENT_TEAM = 6D995M6B5M;
				INFOPLIST_FILE = "Troca Legal/Info.plist";
				IPHONEOS_DEPLOYMENT_TARGET = 9.2;
				LD_RUNPATH_SEARCH_PATHS = "$(inherited) @executable_path/Frameworks";
				PRODUCT_BUNDLE_IDENTIFIER = "com.hackaton.Troca-Legal";
				PRODUCT_NAME = "$(TARGET_NAME)";
			};
			name = Release;
		};
/* End XCBuildConfiguration section */

/* Begin XCConfigurationList section */
		0E24D89D1D687F3300212303 /* Build configuration list for PBXProject "Troca Legal" */ = {
			isa = XCConfigurationList;
			buildConfigurations = (
				0E24D8B71D687F3400212303 /* Debug */,
				0E24D8B81D687F3400212303 /* Release */,
			);
			defaultConfigurationIsVisible = 0;
			defaultConfigurationName = Release;
		};
		0E24D8B91D687F3400212303 /* Build configuration list for PBXNativeTarget "Troca Legal" */ = {
			isa = XCConfigurationList;
			buildConfigurations = (
				0E24D8BA1D687F3400212303 /* Debug */,
				0E24D8BB1D687F3400212303 /* Release */,
			);
			defaultConfigurationIsVisible = 0;
			defaultConfigurationName = Release;
		};
/* End XCConfigurationList section */
	};
	rootObject = 0E24D89A1D687F3300212303 /* Project object */;
}
